
Microsoft Visual Studio Solution File, Format Version 12.00
# Visual Studio 2013
VisualStudioVersion = 12.0.30110.0
MinimumVisualStudioVersion = 10.0.40219.1
Project("{FAE04EC0-301F-11D3-BF4B-00C04F79EFBC}") = "ItemRepeater", "ItemRepeater.csproj", "{8F324BA5-0B7B-468F-A472-93EBBEC4913B}"
EndProject
Global
	GlobalSection(SolutionConfigurationPlatforms) = preSolution
		Build|Any CPU = Build|Any CPU
		Debug|Any CPU = Debug|Any CPU
		Release|Any CPU = Release|Any CPU
	EndGlobalSection
	GlobalSection(ProjectConfigurationPlatforms) = postSolution
		{8F324BA5-0B7B-468F-A472-93EBBEC4913B}.Build|Any CPU.ActiveCfg = Build|Any CPU
		{8F324BA5-0B7B-468F-A472-93EBBEC4913B}.Build|Any CPU.Build.0 = Build|Any CPU
		{8F324BA5-0B7B-468F-A472-93EBBEC4913B}.Debug|Any CPU.ActiveCfg = Debug|Any CPU
		{8F324BA5-0B7B-468F-A472-93EBBEC4913B}.Debug|Any CPU.Build.0 = Debug|Any CPU
		{8F324BA5-0B7B-468F-A472-93EBBEC4913B}.Release|Any CPU.ActiveCfg = Release|Any CPU
		{8F324BA5-0B7B-468F-A472-93EBBEC4913B}.Release|Any CPU.Build.0 = Release|Any CPU
	EndGlobalSection
	GlobalSection(SolutionProperties) = preSolution
		HideSolutionNode = FALSE
	EndGlobalSection
EndGlobal
